
Microsoft Visual Studio Solution File, Format Version 12.00
Project("{FAE04EC0-301F-11D3-BF4B-00C04F79EFBC}") = "EntityFrameworkCoreMultiTenancy", "EntityFrameworkCoreMultiTenancy.csproj", "{A443657D-B754-45EC-B03C-B76F2CF1DE66}"
EndProject
Global
	GlobalSection(SolutionConfigurationPlatforms) = preSolution
		Debug|Any CPU = Debug|Any CPU
		Release|Any CPU = Release|Any CPU
	EndGlobalSection
	GlobalSection(ProjectConfigurationPlatforms) = postSolution
		{A443657D-B754-45EC-B03C-B76F2CF1DE66}.Debug|Any CPU.ActiveCfg = Debug|Any CPU
		{A443657D-B754-45EC-B03C-B76F2CF1DE66}.Debug|Any CPU.Build.0 = Debug|Any CPU
		{A443657D-B754-45EC-B03C-B76F2CF1DE66}.Release|Any CPU.ActiveCfg = Release|Any CPU
		{A443657D-B754-45EC-B03C-B76F2CF1DE66}.Release|Any CPU.Build.0 = Release|Any CPU
	EndGlobalSection
EndGlobal
